// !$*UTF8*$!
{
	archiveVersion = 1;
	classes = {
	};
	objectVersion = 46;
	objects = {

/* Begin PBXBuildFile section */
		97364AB81D327C09009AD7A6 /* CustomModalHideAnimator.swift in Sources */ = {isa = PBXBuildFile; fileRef = 97364AB71D327C09009AD7A6 /* CustomModalHideAnimator.swift */; };
		974638F71D119888008CF42C /* ContactCollectionViewCell.swift in Sources */ = {isa = PBXBuildFile; fileRef = 974638F61D119888008CF42C /* ContactCollectionViewCell.swift */; };
		97470F8C1D2D9619004C2460 /* NavigationControllerDelegate.swift in Sources */ = {isa = PBXBuildFile; fileRef = 97470F8B1D2D9619004C2460 /* NavigationControllerDelegate.swift */; };
		97601ECE1D13F76700130F21 /* HCContact.swift in Sources */ = {isa = PBXBuildFile; fileRef = 97601ECD1D13F76700130F21 /* HCContact.swift */; };
		978C2C771D44C52300F5B3D0 /* ContactFetchHelper.swift in Sources */ = {isa = PBXBuildFile; fileRef = 978C2C761D44C52300F5B3D0 /* ContactFetchHelper.swift */; };
		9795F42A1D493918005AF8AF /* BounceAnimationHelper.swift in Sources */ = {isa = PBXBuildFile; fileRef = 9795F4291D493918005AF8AF /* BounceAnimationHelper.swift */; };
		9795F42D1D494575005AF8AF /* ViewEffectAnimatorType.swift in Sources */ = {isa = PBXBuildFile; fileRef = 9795F42C1D494575005AF8AF /* ViewEffectAnimatorType.swift */; };
		9795F42F1D494B29005AF8AF /* ContactDisplayable.swift in Sources */ = {isa = PBXBuildFile; fileRef = 9795F42E1D494B29005AF8AF /* ContactDisplayable.swift */; };
		979CF1911D11831A009FA5D8 /* AppDelegate.swift in Sources */ = {isa = PBXBuildFile; fileRef = 979CF1901D11831A009FA5D8 /* AppDelegate.swift */; };
		979CF1931D11831A009FA5D8 /* ViewController.swift in Sources */ = {isa = PBXBuildFile; fileRef = 979CF1921D11831A009FA5D8 /* ViewController.swift */; };
		979CF1961D11831A009FA5D8 /* Main.storyboard in Resources */ = {isa = PBXBuildFile; fileRef = 979CF1941D11831A009FA5D8 /* Main.storyboard */; };
		979CF1981D11831A009FA5D8 /* Assets.xcassets in Resources */ = {isa = PBXBuildFile; fileRef = 979CF1971D11831A009FA5D8 /* Assets.xcassets */; };
		979CF19B1D11831A009FA5D8 /* LaunchScreen.storyboard in Resources */ = {isa = PBXBuildFile; fileRef = 979CF1991D11831A009FA5D8 /* LaunchScreen.storyboard */; };
		97A1BF141D35851300061F20 /* ContactDetailsShowAnimator.swift in Sources */ = {isa = PBXBuildFile; fileRef = 97A1BF131D35851300061F20 /* ContactDetailsShowAnimator.swift */; };
		97A1BF161D35851F00061F20 /* ContactsDetailHideAnimator.swift in Sources */ = {isa = PBXBuildFile; fileRef = 97A1BF151D35851F00061F20 /* ContactsDetailHideAnimator.swift */; };
		97A60D601D2278FC00B10145 /* ContactDetailViewController.swift in Sources */ = {isa = PBXBuildFile; fileRef = 97A60D5F1D2278FC00B10145 /* ContactDetailViewController.swift */; };
		97D814801D1811F2002E1B92 /* ContactsCollectionViewLayout.swift in Sources */ = {isa = PBXBuildFile; fileRef = 97D8147F1D1811F2002E1B92 /* ContactsCollectionViewLayout.swift */; };
		97EA41311D314E4700610BD0 /* CustomPresentedViewController.swift in Sources */ = {isa = PBXBuildFile; fileRef = 97EA41301D314E4700610BD0 /* CustomPresentedViewController.swift */; };
		97EA41331D314F4500610BD0 /* CustomModalShowAnimator.swift in Sources */ = {isa = PBXBuildFile; fileRef = 97EA41321D314F4500610BD0 /* CustomModalShowAnimator.swift */; };
/* End PBXBuildFile section */

/* Begin PBXFileReference section */
		97364AB71D327C09009AD7A6 /* CustomModalHideAnimator.swift */ = {isa = PBXFileReference; fileEncoding = 4; lastKnownFileType = sourcecode.swift; path = CustomModalHideAnimator.swift; sourceTree = "<group>"; };
		974638F61D119888008CF42C /* ContactCollectionViewCell.swift */ = {isa = PBXFileReference; fileEncoding = 4; lastKnownFileType = sourcecode.swift; path = ContactCollectionViewCell.swift; sourceTree = "<group>"; };
		97470F8B1D2D9619004C2460 /* NavigationControllerDelegate.swift */ = {isa = PBXFileReference; fileEncoding = 4; lastKnownFileType = sourcecode.swift; path = NavigationControllerDelegate.swift; sourceTree = "<group>"; };
		97601ECD1D13F76700130F21 /* HCContact.swift */ = {isa = PBXFileReference; fileEncoding = 4; lastKnownFileType = sourcecode.swift; path = HCContact.swift; sourceTree = "<group>"; };
		978C2C761D44C52300F5B3D0 /* ContactFetchHelper.swift */ = {isa = PBXFileReference; fileEncoding = 4; lastKnownFileType = sourcecode.swift; path = ContactFetchHelper.swift; sourceTree = "<group>"; };
		9795F4291D493918005AF8AF /* BounceAnimationHelper.swift */ = {isa = PBXFileReference; fileEncoding = 4; lastKnownFileType = sourcecode.swift; path = BounceAnimationHelper.swift; sourceTree = "<group>"; };
		9795F42C1D494575005AF8AF /* ViewEffectAnimatorType.swift */ = {isa = PBXFileReference; fileEncoding = 4; lastKnownFileType = sourcecode.swift; path = ViewEffectAnimatorType.swift; sourceTree = "<group>"; };
		9795F42E1D494B29005AF8AF /* ContactDisplayable.swift */ = {isa = PBXFileReference; fileEncoding = 4; lastKnownFileType = sourcecode.swift; path = ContactDisplayable.swift; sourceTree = "<group>"; };
		979CF18D1D11831A009FA5D8 /* HelloContacts.app */ = {isa = PBXFileReference; explicitFileType = wrapper.application; includeInIndex = 0; path = HelloContacts.app; sourceTree = BUILT_PRODUCTS_DIR; };
		979CF1901D11831A009FA5D8 /* AppDelegate.swift */ = {isa = PBXFileReference; lastKnownFileType = sourcecode.swift; path = AppDelegate.swift; sourceTree = "<group>"; };
		979CF1921D11831A009FA5D8 /* ViewController.swift */ = {isa = PBXFileReference; lastKnownFileType = sourcecode.swift; path = ViewController.swift; sourceTree = "<group>"; };
		979CF1951D11831A009FA5D8 /* Base */ = {isa = PBXFileReference; lastKnownFileType = file.storyboard; name = Base; path = Base.lproj/Main.storyboard; sourceTree = "<group>"; };
		979CF1971D11831A009FA5D8 /* Assets.xcassets */ = {isa = PBXFileReference; lastKnownFileType = folder.assetcatalog; path = Assets.xcassets; sourceTree = "<group>"; };
		979CF19A1D11831A009FA5D8 /* Base */ = {isa = PBXFileReference; lastKnownFileType = file.storyboard; name = Base; path = Base.lproj/LaunchScreen.storyboard; sourceTree = "<group>"; };
		979CF19C1D11831A009FA5D8 /* Info.plist */ = {isa = PBXFileReference; lastKnownFileType = text.plist.xml; path = Info.plist; sourceTree = "<group>"; };
		97A1BF131D35851300061F20 /* ContactDetailsShowAnimator.swift */ = {isa = PBXFileReference; fileEncoding = 4; lastKnownFileType = sourcecode.swift; path = ContactDetailsShowAnimator.swift; sourceTree = "<group>"; };
		97A1BF151D35851F00061F20 /* ContactsDetailHideAnimator.swift */ = {isa = PBXFileReference; fileEncoding = 4; lastKnownFileType = sourcecode.swift; path = ContactsDetailHideAnimator.swift; sourceTree = "<group>"; };
		97A60D5F1D2278FC00B10145 /* ContactDetailViewController.swift */ = {isa = PBXFileReference; fileEncoding = 4; lastKnownFileType = sourcecode.swift; path = ContactDetailViewController.swift; sourceTree = "<group>"; };
		97D8147F1D1811F2002E1B92 /* ContactsCollectionViewLayout.swift */ = {isa = PBXFileReference; fileEncoding = 4; lastKnownFileType = sourcecode.swift; path = ContactsCollectionViewLayout.swift; sourceTree = "<group>"; };
		97EA41301D314E4700610BD0 /* CustomPresentedViewController.swift */ = {isa = PBXFileReference; fileEncoding = 4; lastKnownFileType = sourcecode.swift; path = CustomPresentedViewController.swift; sourceTree = "<group>"; };
		97EA41321D314F4500610BD0 /* CustomModalShowAnimator.swift */ = {isa = PBXFileReference; fileEncoding = 4; lastKnownFileType = sourcecode.swift; path = CustomModalShowAnimator.swift; sourceTree = "<group>"; };
/* End PBXFileReference section */

/* Begin PBXFrameworksBuildPhase section */
		979CF18A1D11831A009FA5D8 /* Frameworks */ = {
			isa = PBXFrameworksBuildPhase;
			buildActionMask = 2147483647;
			files = (
			);
			runOnlyForDeploymentPostprocessing = 0;
		};
/* End PBXFrameworksBuildPhase section */

/* Begin PBXGroup section */
		978C2C6F1D44C08000F5B3D0 /* Models */ = {
			isa = PBXGroup;
			children = (
				97601ECD1D13F76700130F21 /* HCContact.swift */,
			);
			name = Models;
			sourceTree = "<group>";
		};
		978C2C701D44C08800F5B3D0 /* ViewControllers */ = {
			isa = PBXGroup;
			children = (
				97A60D5F1D2278FC00B10145 /* ContactDetailViewController.swift */,
				979CF1921D11831A009FA5D8 /* ViewController.swift */,
			);
			name = ViewControllers;
			sourceTree = "<group>";
		};
		978C2C711D44C08D00F5B3D0 /* Transitions */ = {
			isa = PBXGroup;
			children = (
				978C2C731D44C0A200F5B3D0 /* ViewController */,
				978C2C721D44C09A00F5B3D0 /* NavigationController */,
			);
			name = Transitions;
			sourceTree = "<group>";
		};
		978C2C721D44C09A00F5B3D0 /* NavigationController */ = {
			isa = PBXGroup;
			children = (
				97470F8B1D2D9619004C2460 /* NavigationControllerDelegate.swift */,
				97A1BF151D35851F00061F20 /* ContactsDetailHideAnimator.swift */,
				97A1BF131D35851300061F20 /* ContactDetailsShowAnimator.swift */,
			);
			name = NavigationController;
			sourceTree = "<group>";
		};
		978C2C731D44C0A200F5B3D0 /* ViewController */ = {
			isa = PBXGroup;
			children = (
				97EA41301D314E4700610BD0 /* CustomPresentedViewController.swift */,
				97364AB71D327C09009AD7A6 /* CustomModalHideAnimator.swift */,
				97EA41321D314F4500610BD0 /* CustomModalShowAnimator.swift */,
			);
			name = ViewController;
			sourceTree = "<group>";
		};
		978C2C741D44C0B100F5B3D0 /* Cells */ = {
			isa = PBXGroup;
			children = (
				974638F61D119888008CF42C /* ContactCollectionViewCell.swift */,
			);
			name = Cells;
			sourceTree = "<group>";
		};
		978C2C751D44C0D200F5B3D0 /* Layout */ = {
			isa = PBXGroup;
			children = (
				97D8147F1D1811F2002E1B92 /* ContactsCollectionViewLayout.swift */,
			);
			name = Layout;
			sourceTree = "<group>";
		};
		978C2C781D44C6E300F5B3D0 /* Helpers */ = {
			isa = PBXGroup;
			children = (
				978C2C761D44C52300F5B3D0 /* ContactFetchHelper.swift */,
				9795F4291D493918005AF8AF /* BounceAnimationHelper.swift */,
			);
			name = Helpers;
			sourceTree = "<group>";
		};
		9795F42B1D494563005AF8AF /* Protocols */ = {
			isa = PBXGroup;
			children = (
				9795F42C1D494575005AF8AF /* ViewEffectAnimatorType.swift */,
				9795F42E1D494B29005AF8AF /* ContactDisplayable.swift */,
			);
			name = Protocols;
			sourceTree = "<group>";
		};
		979CF1841D11831A009FA5D8 = {
			isa = PBXGroup;
			children = (
				979CF18F1D11831A009FA5D8 /* HelloContacts */,
				979CF18E1D11831A009FA5D8 /* Products */,
			);
			sourceTree = "<group>";
		};
		979CF18E1D11831A009FA5D8 /* Products */ = {
			isa = PBXGroup;
			children = (
				979CF18D1D11831A009FA5D8 /* HelloContacts.app */,
			);
			name = Products;
			sourceTree = "<group>";
		};
		979CF18F1D11831A009FA5D8 /* HelloContacts */ = {
			isa = PBXGroup;
			children = (
				9795F42B1D494563005AF8AF /* Protocols */,
				978C2C781D44C6E300F5B3D0 /* Helpers */,
				978C2C751D44C0D200F5B3D0 /* Layout */,
				978C2C741D44C0B100F5B3D0 /* Cells */,
				978C2C711D44C08D00F5B3D0 /* Transitions */,
				978C2C701D44C08800F5B3D0 /* ViewControllers */,
				978C2C6F1D44C08000F5B3D0 /* Models */,
				979CF1901D11831A009FA5D8 /* AppDelegate.swift */,
				979CF1941D11831A009FA5D8 /* Main.storyboard */,
				979CF1971D11831A009FA5D8 /* Assets.xcassets */,
				979CF1991D11831A009FA5D8 /* LaunchScreen.storyboard */,
				979CF19C1D11831A009FA5D8 /* Info.plist */,
			);
			path = HelloContacts;
			sourceTree = "<group>";
		};
/* End PBXGroup section */

/* Begin PBXNativeTarget section */
		979CF18C1D11831A009FA5D8 /* HelloContacts */ = {
			isa = PBXNativeTarget;
			buildConfigurationList = 979CF19F1D11831A009FA5D8 /* Build configuration list for PBXNativeTarget "HelloContacts" */;
			buildPhases = (
				979CF1891D11831A009FA5D8 /* Sources */,
				979CF18A1D11831A009FA5D8 /* Frameworks */,
				979CF18B1D11831A009FA5D8 /* Resources */,
			);
			buildRules = (
			);
			dependencies = (
			);
			name = HelloContacts;
			productName = HelloContacts;
			productReference = 979CF18D1D11831A009FA5D8 /* HelloContacts.app */;
			productType = "com.apple.product-type.application";
		};
/* End PBXNativeTarget section */

/* Begin PBXProject section */
		979CF1851D11831A009FA5D8 /* Project object */ = {
			isa = PBXProject;
			attributes = {
				LastSwiftUpdateCheck = 0800;
				LastUpgradeCheck = 0800;
				ORGANIZATIONNAME = DonnyWals;
				TargetAttributes = {
					979CF18C1D11831A009FA5D8 = {
						CreatedOnToolsVersion = 8.0;
						DevelopmentTeam = B9AC4MT75G;
						DevelopmentTeamName = "Donny Wals (Personal Team)";
						ProvisioningStyle = Automatic;
					};
				};
			};
			buildConfigurationList = 979CF1881D11831A009FA5D8 /* Build configuration list for PBXProject "HelloContacts" */;
			compatibilityVersion = "Xcode 3.2";
			developmentRegion = English;
			hasScannedForEncodings = 0;
			knownRegions = (
				en,
				Base,
			);
			mainGroup = 979CF1841D11831A009FA5D8;
			productRefGroup = 979CF18E1D11831A009FA5D8 /* Products */;
			projectDirPath = "";
			projectRoot = "";
			targets = (
				979CF18C1D11831A009FA5D8 /* HelloContacts */,
			);
		};
/* End PBXProject section */

/* Begin PBXResourcesBuildPhase section */
		979CF18B1D11831A009FA5D8 /* Resources */ = {
			isa = PBXResourcesBuildPhase;
			buildActionMask = 2147483647;
			files = (
				979CF19B1D11831A009FA5D8 /* LaunchScreen.storyboard in Resources */,
				979CF1981D11831A009FA5D8 /* Assets.xcassets in Resources */,
				979CF1961D11831A009FA5D8 /* Main.storyboard in Resources */,
			);
			runOnlyForDeploymentPostprocessing = 0;
		};
/* End PBXResourcesBuildPhase section */

/* Begin PBXSourcesBuildPhase section */
		979CF1891D11831A009FA5D8 /* Sources */ = {
			isa = PBXSourcesBuildPhase;
			buildActionMask = 2147483647;
			files = (
				97601ECE1D13F76700130F21 /* HCContact.swift in Sources */,
				97EA41311D314E4700610BD0 /* CustomPresentedViewController.swift in Sources */,
				97EA41331D314F4500610BD0 /* CustomModalShowAnimator.swift in Sources */,
				97D814801D1811F2002E1B92 /* ContactsCollectionViewLayout.swift in Sources */,
				974638F71D119888008CF42C /* ContactCollectionViewCell.swift in Sources */,
				979CF1931D11831A009FA5D8 /* ViewController.swift in Sources */,
				97364AB81D327C09009AD7A6 /* CustomModalHideAnimator.swift in Sources */,
				9795F42D1D494575005AF8AF /* ViewEffectAnimatorType.swift in Sources */,
				97A60D601D2278FC00B10145 /* ContactDetailViewController.swift in Sources */,
				9795F42F1D494B29005AF8AF /* ContactDisplayable.swift in Sources */,
				97A1BF161D35851F00061F20 /* ContactsDetailHideAnimator.swift in Sources */,
				97A1BF141D35851300061F20 /* ContactDetailsShowAnimator.swift in Sources */,
				9795F42A1D493918005AF8AF /* BounceAnimationHelper.swift in Sources */,
				97470F8C1D2D9619004C2460 /* NavigationControllerDelegate.swift in Sources */,
				979CF1911D11831A009FA5D8 /* AppDelegate.swift in Sources */,
				978C2C771D44C52300F5B3D0 /* ContactFetchHelper.swift in Sources */,
			);
			runOnlyForDeploymentPostprocessing = 0;
		};
/* End PBXSourcesBuildPhase section */

/* Begin PBXVariantGroup section */
		979CF1941D11831A009FA5D8 /* Main.storyboard */ = {
			isa = PBXVariantGroup;
			children = (
				979CF1951D11831A009FA5D8 /* Base */,
			);
			name = Main.storyboard;
			sourceTree = "<group>";
		};
		979CF1991D11831A009FA5D8 /* LaunchScreen.storyboard */ = {
			isa = PBXVariantGroup;
			children = (
				979CF19A1D11831A009FA5D8 /* Base */,
			);
			name = LaunchScreen.storyboard;
			sourceTree = "<group>";
		};
/* End PBXVariantGroup section */

/* Begin XCBuildConfiguration section */
		979CF19D1D11831A009FA5D8 /* Debug */ = {
			isa = XCBuildConfiguration;
			buildSettings = {
				ALWAYS_SEARCH_USER_PATHS = NO;
				CLANG_ANALYZER_NONNULL = YES;
				CLANG_CXX_LANGUAGE_STANDARD = "gnu++0x";
				CLANG_CXX_LIBRARY = "libc++";
				CLANG_ENABLE_MODULES = YES;
				CLANG_ENABLE_OBJC_ARC = YES;
				CLANG_WARN_BOOL_CONVERSION = YES;
				CLANG_WARN_CONSTANT_CONVERSION = YES;
				CLANG_WARN_DIRECT_OBJC_ISA_USAGE = YES_ERROR;
				CLANG_WARN_DOCUMENTATION_COMMENTS = YES;
				CLANG_WARN_EMPTY_BODY = YES;
				CLANG_WARN_ENUM_CONVERSION = YES;
				CLANG_WARN_INT_CONVERSION = YES;
				CLANG_WARN_OBJC_ROOT_CLASS = YES_ERROR;
				CLANG_WARN_UNREACHABLE_CODE = YES;
				CLANG_WARN__DUPLICATE_METHOD_MATCH = YES;
				"CODE_SIGN_IDENTITY[sdk=iphoneos*]" = "iPhone Developer";
				COPY_PHASE_STRIP = NO;
				DEBUG_INFORMATION_FORMAT = dwarf;
				ENABLE_STRICT_OBJC_MSGSEND = YES;
				ENABLE_TESTABILITY = YES;
				GCC_C_LANGUAGE_STANDARD = gnu99;
				GCC_DYNAMIC_NO_PIC = NO;
				GCC_NO_COMMON_BLOCKS = YES;
				GCC_OPTIMIZATION_LEVEL = 0;
				GCC_PREPROCESSOR_DEFINITIONS = (
					"DEBUG=1",
					"$(inherited)",
				);
				GCC_WARN_64_TO_32_BIT_CONVERSION = YES;
				GCC_WARN_ABOUT_RETURN_TYPE = YES_ERROR;
				GCC_WARN_UNDECLARED_SELECTOR = YES;
				GCC_WARN_UNINITIALIZED_AUTOS = YES_AGGRESSIVE;
				GCC_WARN_UNUSED_FUNCTION = YES;
				GCC_WARN_UNUSED_VARIABLE = YES;
				IPHONEOS_DEPLOYMENT_TARGET = 10.0;
				MTL_ENABLE_DEBUG_INFO = YES;
				ONLY_ACTIVE_ARCH = YES;
				SDKROOT = iphoneos;
				SWIFT_ACTIVE_COMPILATION_CONDITIONS = DEBUG;
				SWIFT_OPTIMIZATION_LEVEL = "-Onone";
			};
			name = Debug;
		};
		979CF19E1D11831A009FA5D8 /* Release */ = {
			isa = XCBuildConfiguration;
			buildSettings = {
				ALWAYS_SEARCH_USER_PATHS = NO;
				CLANG_ANALYZER_NONNULL = YES;
				CLANG_CXX_LANGUAGE_STANDARD = "gnu++0x";
				CLANG_CXX_LIBRARY = "libc++";
				CLANG_ENABLE_MODULES = YES;
				CLANG_ENABLE_OBJC_ARC = YES;
				CLANG_WARN_BOOL_CONVERSION = YES;
				CLANG_WARN_CONSTANT_CONVERSION = YES;
				CLANG_WARN_DIRECT_OBJC_ISA_USAGE = YES_ERROR;
				CLANG_WARN_DOCUMENTATION_COMMENTS = YES;
				CLANG_WARN_EMPTY_BODY = YES;
				CLANG_WARN_ENUM_CONVERSION = YES;
				CLANG_WARN_INT_CONVERSION = YES;
				CLANG_WARN_OBJC_ROOT_CLASS = YES_ERROR;
				CLANG_WARN_UNREACHABLE_CODE = YES;
				CLANG_WARN__DUPLICATE_METHOD_MATCH = YES;
				"CODE_SIGN_IDENTITY[sdk=iphoneos*]" = "iPhone Developer";
				COPY_PHASE_STRIP = NO;
				DEBUG_INFORMATION_FORMAT = "dwarf-with-dsym";
				ENABLE_NS_ASSERTIONS = NO;
				ENABLE_STRICT_OBJC_MSGSEND = YES;
				GCC_C_LANGUAGE_STANDARD = gnu99;
				GCC_NO_COMMON_BLOCKS = YES;
				GCC_WARN_64_TO_32_BIT_CONVERSION = YES;
				GCC_WARN_ABOUT_RETURN_TYPE = YES_ERROR;
				GCC_WARN_UNDECLARED_SELECTOR = YES;
				GCC_WARN_UNINITIALIZED_AUTOS = YES_AGGRESSIVE;
				GCC_WARN_UNUSED_FUNCTION = YES;
				GCC_WARN_UNUSED_VARIABLE = YES;
				IPHONEOS_DEPLOYMENT_TARGET = 10.0;
				MTL_ENABLE_DEBUG_INFO = NO;
				SDKROOT = iphoneos;
				SWIFT_OPTIMIZATION_LEVEL = "-Owholemodule";
				VALIDATE_PRODUCT = YES;
			};
			name = Release;
		};
		979CF1A01D11831A009FA5D8 /* Debug */ = {
			isa = XCBuildConfiguration;
			buildSettings = {
				ASSETCATALOG_COMPILER_APPICON_NAME = AppIcon;
				INFOPLIST_FILE = HelloContacts/Info.plist;
				IPHONEOS_DEPLOYMENT_TARGET = 10.0;
				LD_RUNPATH_SEARCH_PATHS = "$(inherited) @executable_path/Frameworks";
				PRODUCT_BUNDLE_IDENTIFIER = com.donnywals.HelloContacts;
				PRODUCT_NAME = "$(TARGET_NAME)";
				SWIFT_VERSION = 3.0;
				TARGETED_DEVICE_FAMILY = "1,2";
			};
			name = Debug;
		};
		979CF1A11D11831A009FA5D8 /* Release */ = {
			isa = XCBuildConfiguration;
			buildSettings = {
				ASSETCATALOG_COMPILER_APPICON_NAME = AppIcon;
				INFOPLIST_FILE = HelloContacts/Info.plist;
				IPHONEOS_DEPLOYMENT_TARGET = 10.0;
				LD_RUNPATH_SEARCH_PATHS = "$(inherited) @executable_path/Frameworks";
				PRODUCT_BUNDLE_IDENTIFIER = com.donnywals.HelloContacts;
				PRODUCT_NAME = "$(TARGET_NAME)";
				SWIFT_VERSION = 3.0;
				TARGETED_DEVICE_FAMILY = "1,2";
			};
			name = Release;
		};
/* End XCBuildConfiguration section */

/* Begin XCConfigurationList section */
		979CF1881D11831A009FA5D8 /* Build configuration list for PBXProject "HelloContacts" */ = {
			isa = XCConfigurationList;
			buildConfigurations = (
				979CF19D1D11831A009FA5D8 /* Debug */,
				979CF19E1D11831A009FA5D8 /* Release */,
			);
			defaultConfigurationIsVisible = 0;
			defaultConfigurationName = Release;
		};
		979CF19F1D11831A009FA5D8 /* Build configuration list for PBXNativeTarget "HelloContacts" */ = {
			isa = XCConfigurationList;
			buildConfigurations = (
				979CF1A01D11831A009FA5D8 /* Debug */,
				979CF1A11D11831A009FA5D8 /* Release */,
			);
			defaultConfigurationIsVisible = 0;
			defaultConfigurationName = Release;
		};
/* End XCConfigurationList section */
	};
	rootObject = 979CF1851D11831A009FA5D8 /* Project object */;
}
